PODS:
  - ChameleonFramework (2.1.0):
    - ChameleonFramework/Default (= 2.1.0)
  - ChameleonFramework/Default (2.1.0)
  - SVProgressHUD (2.2.5)

DEPENDENCIES:
  - ChameleonFramework
  - SVProgressHUD

SPEC REPOS:
  https://github.com/cocoapods/specs.git:
    - ChameleonFramework
    - SVProgressHUD

SPEC CHECKSUMS:
  ChameleonFramework: d21a3cc247abfe5e37609a283a8238b03575cf64
  SVProgressHUD: 1428aafac632c1f86f62aa4243ec12008d7a51d6

PODFILE CHECKSUM: 09f0a7e67163afc90c92a170849b423703d7ce26

COCOAPODS: 1.5.3
